
Microsoft Visual Studio Solution File, Format Version 12.00
# Visual Studio Version 17
VisualStudioVersion = 17.13.35806.99 d17.13
MinimumVisualStudioVersion = 10.0.40219.1
Project("{FAE04EC0-301F-11D3-BF4B-00C04F79EFBC}") = "NguyenQuocVuong_Nhom11", "NguyenQuocVuong_Nhom11\NguyenQuocVuong_Nhom11.csproj", "{2F7FD1E8-8724-4D5C-A26D-7FF37A228C12}"
EndProject
Global
	GlobalSection(SolutionConfigurationPlatforms) = preSolution
		Debug|Any CPU = Debug|Any CPU
		Release|Any CPU = Release|Any CPU
	EndGlobalSection
	GlobalSection(ProjectConfigurationPlatforms) = postSolution
		{2F7FD1E8-8724-4D5C-A26D-7FF37A228C12}.Debug|Any CPU.ActiveCfg = Debug|Any CPU
		{2F7FD1E8-8724-4D5C-A26D-7FF37A228C12}.Debug|Any CPU.Build.0 = Debug|Any CPU
		{2F7FD1E8-8724-4D5C-A26D-7FF37A228C12}.Release|Any CPU.ActiveCfg = Release|Any CPU
		{2F7FD1E8-8724-4D5C-A26D-7FF37A228C12}.Release|Any CPU.Build.0 = Release|Any CPU
	EndGlobalSection
	GlobalSection(SolutionProperties) = preSolution
		HideSolutionNode = FALSE
	EndGlobalSection
	GlobalSection(ExtensibilityGlobals) = postSolution
		SolutionGuid = {333B8F78-89C7-4FCD-8B9C-18675F6CC284}
	EndGlobalSection
EndGlobal
